
Microsoft Visual Studio Solution File, Format Version 12.00
# Visual Studio Version 17
VisualStudioVersion = 17.5.002.0
MinimumVisualStudioVersion = 10.0.40219.1
Project("{9A19103F-16F7-4668-BE54-9A1E7A4F7556}") = "BUILDER", "BUILDER.csproj", "{69A0FBEF-9506-4E87-AAA3-B30E3694A1CF}"
EndProject
Global
	GlobalSection(SolutionConfigurationPlatforms) = preSolution
		Debug|Any CPU = Debug|Any CPU
		Release|Any CPU = Release|Any CPU
	EndGlobalSection
	GlobalSection(ProjectConfigurationPlatforms) = postSolution
		{69A0FBEF-9506-4E87-AAA3-B30E3694A1CF}.Debug|Any CPU.ActiveCfg = Debug|Any CPU
		{69A0FBEF-9506-4E87-AAA3-B30E3694A1CF}.Debug|Any CPU.Build.0 = Debug|Any CPU
		{69A0FBEF-9506-4E87-AAA3-B30E3694A1CF}.Release|Any CPU.ActiveCfg = Release|Any CPU
		{69A0FBEF-9506-4E87-AAA3-B30E3694A1CF}.Release|Any CPU.Build.0 = Release|Any CPU
	EndGlobalSection
	GlobalSection(SolutionProperties) = preSolution
		HideSolutionNode = FALSE
	EndGlobalSection
	GlobalSection(ExtensibilityGlobals) = postSolution
		SolutionGuid = {CF29BDCE-1B60-4544-80B8-1431F6C74CC0}
	EndGlobalSection
EndGlobal
